
Microsoft Visual Studio Solution File, Format Version 12.00
# Visual Studio Version 16
VisualStudioVersion = 16.0.29215.179
MinimumVisualStudioVersion = 10.0.40219.1
Project("{9A19103F-16F7-4668-BE54-9A1E7A4F7556}") = "WinArgsParser", "WinArgsParser\WinArgsParser.csproj", "{244F50F3-EFB8-4186-9EFE-F8EE9B599B9F}"
EndProject
Project("{9A19103F-16F7-4668-BE54-9A1E7A4F7556}") = "WinArgsParser.Tests", "WinArgsParser.Tests\WinArgsParser.Tests.csproj", "{D289A0D9-8003-451D-BB38-2508E6E9A704}"
EndProject
Global
	GlobalSection(SolutionConfigurationPlatforms) = preSolution
		Debug|Any CPU = Debug|Any CPU
		Release|Any CPU = Release|Any CPU
	EndGlobalSection
	GlobalSection(ProjectConfigurationPlatforms) = postSolution
		{244F50F3-EFB8-4186-9EFE-F8EE9B599B9F}.Debug|Any CPU.ActiveCfg = Debug|Any CPU
		{244F50F3-EFB8-4186-9EFE-F8EE9B599B9F}.Debug|Any CPU.Build.0 = Debug|Any CPU
		{244F50F3-EFB8-4186-9EFE-F8EE9B599B9F}.Release|Any CPU.ActiveCfg = Release|Any CPU
		{244F50F3-EFB8-4186-9EFE-F8EE9B599B9F}.Release|Any CPU.Build.0 = Release|Any CPU
		{D289A0D9-8003-451D-BB38-2508E6E9A704}.Debug|Any CPU.ActiveCfg = Debug|Any CPU
		{D289A0D9-8003-451D-BB38-2508E6E9A704}.Debug|Any CPU.Build.0 = Debug|Any CPU
		{D289A0D9-8003-451D-BB38-2508E6E9A704}.Release|Any CPU.ActiveCfg = Release|Any CPU
		{D289A0D9-8003-451D-BB38-2508E6E9A704}.Release|Any CPU.Build.0 = Release|Any CPU
	EndGlobalSection
	GlobalSection(SolutionProperties) = preSolution
		HideSolutionNode = FALSE
	EndGlobalSection
	GlobalSection(ExtensibilityGlobals) = postSolution
		SolutionGuid = {B6570F54-5A98-4D93-98F0-D9D538FBEA22}
	EndGlobalSection
EndGlobal
